// !$*UTF8*$!
{
	archiveVersion = 1;
	classes = {
	};
	objectVersion = 56;
	objects = {

/* Begin PBXBuildFile section */
		DD7BC1AA28ED66C40034B6E3 /* Shapes.swift in Sources */ = {isa = PBXBuildFile; fileRef = DD7BC1A928ED66C40034B6E3 /* Shapes.swift */; };
		DD7BC1AD28ED78D50034B6E3 /* BottomSheet in Frameworks */ = {isa = PBXBuildFile; productRef = DD7BC1AC28ED78D50034B6E3 /* BottomSheet */; };
		DD7BC1AF28ED8E2B0034B6E3 /* ForecastView.swift in Sources */ = {isa = PBXBuildFile; fileRef = DD7BC1AE28ED8E2B0034B6E3 /* ForecastView.swift */; };
		DD7BC1B128EDAD4C0034B6E3 /* Blur.swift in Sources */ = {isa = PBXBuildFile; fileRef = DD7BC1B028EDAD4C0034B6E3 /* Blur.swift */; };
		DD7BC1B328EDEAAC0034B6E3 /* SegmentedControl.swift in Sources */ = {isa = PBXBuildFile; fileRef = DD7BC1B228EDEAAC0034B6E3 /* SegmentedControl.swift */; };
		DD7BC1B528F029530034B6E3 /* ForecastModel.swift in Sources */ = {isa = PBXBuildFile; fileRef = DD7BC1B428F029530034B6E3 /* ForecastModel.swift */; };
		DD7BC1B728F055D70034B6E3 /* ForecastCard.swift in Sources */ = {isa = PBXBuildFile; fileRef = DD7BC1B628F055D70034B6E3 /* ForecastCard.swift */; };
		DD7BC1B928F0A24C0034B6E3 /* NavigationBar.swift in Sources */ = {isa = PBXBuildFile; fileRef = DD7BC1B828F0A24C0034B6E3 /* NavigationBar.swift */; };
		DD7BC1BB28F0A6FB0034B6E3 /* WeatherView.swift in Sources */ = {isa = PBXBuildFile; fileRef = DD7BC1BA28F0A6FB0034B6E3 /* WeatherView.swift */; };
		DD7BC1BD28F0ABC60034B6E3 /* WeatherWidget.swift in Sources */ = {isa = PBXBuildFile; fileRef = DD7BC1BC28F0ABC60034B6E3 /* WeatherWidget.swift */; };
		DD80D97828D7508A00C5AE79 /* WeatherApp.swift in Sources */ = {isa = PBXBuildFile; fileRef = DD80D97728D7508A00C5AE79 /* WeatherApp.swift */; };
		DD80D97A28D7508A00C5AE79 /* ContentView.swift in Sources */ = {isa = PBXBuildFile; fileRef = DD80D97928D7508A00C5AE79 /* ContentView.swift */; };
		DD80D97C28D7508F00C5AE79 /* Assets.xcassets in Resources */ = {isa = PBXBuildFile; fileRef = DD80D97B28D7508F00C5AE79 /* Assets.xcassets */; };
		DD80D97F28D7508F00C5AE79 /* Preview Assets.xcassets in Resources */ = {isa = PBXBuildFile; fileRef = DD80D97E28D7508F00C5AE79 /* Preview Assets.xcassets */; };
		DD80D98D28D762B700C5AE79 /* Extensions.swift in Sources */ = {isa = PBXBuildFile; fileRef = DD80D98C28D762B700C5AE79 /* Extensions.swift */; };
		DD80D98F28D77BDF00C5AE79 /* HomeView.swift in Sources */ = {isa = PBXBuildFile; fileRef = DD80D98E28D77BDF00C5AE79 /* HomeView.swift */; };
		DD80D99128D78FFE00C5AE79 /* TabBar.swift in Sources */ = {isa = PBXBuildFile; fileRef = DD80D99028D78FFE00C5AE79 /* TabBar.swift */; };
/* End PBXBuildFile section */

/* Begin PBXFileReference section */
		DD7BC1A928ED66C40034B6E3 /* Shapes.swift */ = {isa = PBXFileReference; lastKnownFileType = sourcecode.swift; path = Shapes.swift; sourceTree = "<group>"; };
		DD7BC1AE28ED8E2B0034B6E3 /* ForecastView.swift */ = {isa = PBXFileReference; lastKnownFileType = sourcecode.swift; path = ForecastView.swift; sourceTree = "<group>"; };
		DD7BC1B028EDAD4C0034B6E3 /* Blur.swift */ = {isa = PBXFileReference; lastKnownFileType = sourcecode.swift; path = Blur.swift; sourceTree = "<group>"; };
		DD7BC1B228EDEAAC0034B6E3 /* SegmentedControl.swift */ = {isa = PBXFileReference; lastKnownFileType = sourcecode.swift; path = SegmentedControl.swift; sourceTree = "<group>"; };
		DD7BC1B428F029530034B6E3 /* ForecastModel.swift */ = {isa = PBXFileReference; lastKnownFileType = sourcecode.swift; path = ForecastModel.swift; sourceTree = "<group>"; };
		DD7BC1B628F055D70034B6E3 /* ForecastCard.swift */ = {isa = PBXFileReference; lastKnownFileType = sourcecode.swift; path = ForecastCard.swift; sourceTree = "<group>"; };
		DD7BC1B828F0A24C0034B6E3 /* NavigationBar.swift */ = {isa = PBXFileReference; lastKnownFileType = sourcecode.swift; path = NavigationBar.swift; sourceTree = "<group>"; };
		DD7BC1BA28F0A6FB0034B6E3 /* WeatherView.swift */ = {isa = PBXFileReference; lastKnownFileType = sourcecode.swift; path = WeatherView.swift; sourceTree = "<group>"; };
		DD7BC1BC28F0ABC60034B6E3 /* WeatherWidget.swift */ = {isa = PBXFileReference; lastKnownFileType = sourcecode.swift; path = WeatherWidget.swift; sourceTree = "<group>"; };
		DD80D97428D7508A00C5AE79 /* Weather.app */ = {isa = PBXFileReference; explicitFileType = wrapper.application; includeInIndex = 0; path = Weather.app; sourceTree = BUILT_PRODUCTS_DIR; };
		DD80D97728D7508A00C5AE79 /* WeatherApp.swift */ = {isa = PBXFileReference; lastKnownFileType = sourcecode.swift; path = WeatherApp.swift; sourceTree = "<group>"; };
		DD80D97928D7508A00C5AE79 /* ContentView.swift */ = {isa = PBXFileReference; lastKnownFileType = sourcecode.swift; path = ContentView.swift; sourceTree = "<group>"; };
		DD80D97B28D7508F00C5AE79 /* Assets.xcassets */ = {isa = PBXFileReference; lastKnownFileType = folder.assetcatalog; path = Assets.xcassets; sourceTree = "<group>"; };
		DD80D97E28D7508F00C5AE79 /* Preview Assets.xcassets */ = {isa = PBXFileReference; lastKnownFileType = folder.assetcatalog; path = "Preview Assets.xcassets"; sourceTree = "<group>"; };
		DD80D98C28D762B700C5AE79 /* Extensions.swift */ = {isa = PBXFileReference; lastKnownFileType = sourcecode.swift; path = Extensions.swift; sourceTree = "<group>"; };
		DD80D98E28D77BDF00C5AE79 /* HomeView.swift */ = {isa = PBXFileReference; lastKnownFileType = sourcecode.swift; path = HomeView.swift; sourceTree = "<group>"; };
		DD80D99028D78FFE00C5AE79 /* TabBar.swift */ = {isa = PBXFileReference; lastKnownFileType = sourcecode.swift; path = TabBar.swift; sourceTree = "<group>"; };
/* End PBXFileReference section */

/* Begin PBXFrameworksBuildPhase section */
		DD80D97128D7508A00C5AE79 /* Frameworks */ = {
			isa = PBXFrameworksBuildPhase;
			buildActionMask = 2147483647;
			files = (
				DD7BC1AD28ED78D50034B6E3 /* BottomSheet in Frameworks */,
			);
			runOnlyForDeploymentPostprocessing = 0;
		};
/* End PBXFrameworksBuildPhase section */

/* Begin PBXGroup section */
		DD80D96B28D7508A00C5AE79 = {
			isa = PBXGroup;
			children = (
				DD80D97628D7508A00C5AE79 /* Weather */,
				DD80D97528D7508A00C5AE79 /* Products */,
			);
			sourceTree = "<group>";
		};
		DD80D97528D7508A00C5AE79 /* Products */ = {
			isa = PBXGroup;
			children = (
				DD80D97428D7508A00C5AE79 /* Weather.app */,
			);
			name = Products;
			sourceTree = "<group>";
		};
		DD80D97628D7508A00C5AE79 /* Weather */ = {
			isa = PBXGroup;
			children = (
				DD80D97728D7508A00C5AE79 /* WeatherApp.swift */,
				DD80D98528D7618300C5AE79 /* Views */,
				DD80D98628D7618B00C5AE79 /* Models */,
				DD80D98728D7619500C5AE79 /* Utils */,
				DD80D97B28D7508F00C5AE79 /* Assets.xcassets */,
				DD80D97D28D7508F00C5AE79 /* Preview Content */,
			);
			path = Weather;
			sourceTree = "<group>";
		};
		DD80D97D28D7508F00C5AE79 /* Preview Content */ = {
			isa = PBXGroup;
			children = (
				DD80D97E28D7508F00C5AE79 /* Preview Assets.xcassets */,
			);
			path = "Preview Content";
			sourceTree = "<group>";
		};
		DD80D98528D7618300C5AE79 /* Views */ = {
			isa = PBXGroup;
			children = (
				DD80D98828D761EC00C5AE79 /* Main */,
				DD80D98928D761F700C5AE79 /* Navigation */,
				DD80D98A28D7620100C5AE79 /* Detail */,
				DD80D98B28D7621100C5AE79 /* Components */,
			);
			path = Views;
			sourceTree = "<group>";
		};
		DD80D98628D7618B00C5AE79 /* Models */ = {
			isa = PBXGroup;
			children = (
				DD7BC1B428F029530034B6E3 /* ForecastModel.swift */,
			);
			path = Models;
			sourceTree = "<group>";
		};
		DD80D98728D7619500C5AE79 /* Utils */ = {
			isa = PBXGroup;
			children = (
				DD80D98C28D762B700C5AE79 /* Extensions.swift */,
				DD7BC1A928ED66C40034B6E3 /* Shapes.swift */,
			);
			path = Utils;
			sourceTree = "<group>";
		};
		DD80D98828D761EC00C5AE79 /* Main */ = {
			isa = PBXGroup;
			children = (
				DD80D97928D7508A00C5AE79 /* ContentView.swift */,
				DD80D98E28D77BDF00C5AE79 /* HomeView.swift */,
			);
			path = Main;
			sourceTree = "<group>";
		};
		DD80D98928D761F700C5AE79 /* Navigation */ = {
			isa = PBXGroup;
			children = (
				DD80D99028D78FFE00C5AE79 /* TabBar.swift */,
				DD7BC1B828F0A24C0034B6E3 /* NavigationBar.swift */,
			);
			path = Navigation;
			sourceTree = "<group>";
		};
		DD80D98A28D7620100C5AE79 /* Detail */ = {
			isa = PBXGroup;
			children = (
				DD7BC1AE28ED8E2B0034B6E3 /* ForecastView.swift */,
				DD7BC1BA28F0A6FB0034B6E3 /* WeatherView.swift */,
			);
			path = Detail;
			sourceTree = "<group>";
		};
		DD80D98B28D7621100C5AE79 /* Components */ = {
			isa = PBXGroup;
			children = (
				DD7BC1B028EDAD4C0034B6E3 /* Blur.swift */,
				DD7BC1B228EDEAAC0034B6E3 /* SegmentedControl.swift */,
				DD7BC1B628F055D70034B6E3 /* ForecastCard.swift */,
				DD7BC1BC28F0ABC60034B6E3 /* WeatherWidget.swift */,
			);
			path = Components;
			sourceTree = "<group>";
		};
/* End PBXGroup section */

/* Begin PBXNativeTarget section */
		DD80D97328D7508A00C5AE79 /* Weather */ = {
			isa = PBXNativeTarget;
			buildConfigurationList = DD80D98228D7508F00C5AE79 /* Build configuration list for PBXNativeTarget "Weather" */;
			buildPhases = (
				DD80D97028D7508A00C5AE79 /* Sources */,
				DD80D97128D7508A00C5AE79 /* Frameworks */,
				DD80D97228D7508A00C5AE79 /* Resources */,
			);
			buildRules = (
			);
			dependencies = (
			);
			name = Weather;
			packageProductDependencies = (
				DD7BC1AC28ED78D50034B6E3 /* BottomSheet */,
			);
			productName = Weather;
			productReference = DD80D97428D7508A00C5AE79 /* Weather.app */;
			productType = "com.apple.product-type.application";
		};
/* End PBXNativeTarget section */

/* Begin PBXProject section */
		DD80D96C28D7508A00C5AE79 /* Project object */ = {
			isa = PBXProject;
			attributes = {
				BuildIndependentTargetsInParallel = 1;
				LastSwiftUpdateCheck = 1400;
				LastUpgradeCheck = 1400;
				TargetAttributes = {
					DD80D97328D7508A00C5AE79 = {
						CreatedOnToolsVersion = 14.0;
					};
				};
			};
			buildConfigurationList = DD80D96F28D7508A00C5AE79 /* Build configuration list for PBXProject "Weather" */;
			compatibilityVersion = "Xcode 14.0";
			developmentRegion = en;
			hasScannedForEncodings = 0;
			knownRegions = (
				en,
				Base,
			);
			mainGroup = DD80D96B28D7508A00C5AE79;
			packageReferences = (
				DD7BC1AB28ED78D50034B6E3 /* XCRemoteSwiftPackageReference "BottomSheet" */,
			);
			productRefGroup = DD80D97528D7508A00C5AE79 /* Products */;
			projectDirPath = "";
			projectRoot = "";
			targets = (
				DD80D97328D7508A00C5AE79 /* Weather */,
			);
		};
/* End PBXProject section */

/* Begin PBXResourcesBuildPhase section */
		DD80D97228D7508A00C5AE79 /* Resources */ = {
			isa = PBXResourcesBuildPhase;
			buildActionMask = 2147483647;
			files = (
				DD80D97F28D7508F00C5AE79 /* Preview Assets.xcassets in Resources */,
				DD80D97C28D7508F00C5AE79 /* Assets.xcassets in Resources */,
			);
			runOnlyForDeploymentPostprocessing = 0;
		};
/* End PBXResourcesBuildPhase section */

/* Begin PBXSourcesBuildPhase section */
		DD80D97028D7508A00C5AE79 /* Sources */ = {
			isa = PBXSourcesBuildPhase;
			buildActionMask = 2147483647;
			files = (
				DD7BC1BD28F0ABC60034B6E3 /* WeatherWidget.swift in Sources */,
				DD7BC1B728F055D70034B6E3 /* ForecastCard.swift in Sources */,
				DD80D97A28D7508A00C5AE79 /* ContentView.swift in Sources */,
				DD7BC1B328EDEAAC0034B6E3 /* SegmentedControl.swift in Sources */,
				DD80D98F28D77BDF00C5AE79 /* HomeView.swift in Sources */,
				DD7BC1B128EDAD4C0034B6E3 /* Blur.swift in Sources */,
				DD7BC1BB28F0A6FB0034B6E3 /* WeatherView.swift in Sources */,
				DD80D98D28D762B700C5AE79 /* Extensions.swift in Sources */,
				DD80D97828D7508A00C5AE79 /* WeatherApp.swift in Sources */,
				DD7BC1AF28ED8E2B0034B6E3 /* ForecastView.swift in Sources */,
				DD80D99128D78FFE00C5AE79 /* TabBar.swift in Sources */,
				DD7BC1B528F029530034B6E3 /* ForecastModel.swift in Sources */,
				DD7BC1AA28ED66C40034B6E3 /* Shapes.swift in Sources */,
				DD7BC1B928F0A24C0034B6E3 /* NavigationBar.swift in Sources */,
			);
			runOnlyForDeploymentPostprocessing = 0;
		};
/* End PBXSourcesBuildPhase section */

/* Begin XCBuildConfiguration section */
		DD80D98028D7508F00C5AE79 /* Debug */ = {
			isa = XCBuildConfiguration;
			buildSettings = {
				ALWAYS_SEARCH_USER_PATHS = NO;
				CLANG_ANALYZER_NONNULL = YES;
				CLANG_ANALYZER_NUMBER_OBJECT_CONVERSION = YES_AGGRESSIVE;
				CLANG_CXX_LANGUAGE_STANDARD = "gnu++20";
				CLANG_ENABLE_MODULES = YES;
				CLANG_ENABLE_OBJC_ARC = YES;
				CLANG_ENABLE_OBJC_WEAK = YES;
				CLANG_WARN_BLOCK_CAPTURE_AUTORELEASING = YES;
				CLANG_WARN_BOOL_CONVERSION = YES;
				CLANG_WARN_COMMA = YES;
				CLANG_WARN_CONSTANT_CONVERSION = YES;
				CLANG_WARN_DEPRECATED_OBJC_IMPLEMENTATIONS = YES;
				CLANG_WARN_DIRECT_OBJC_ISA_USAGE = YES_ERROR;
				CLANG_WARN_DOCUMENTATION_COMMENTS = YES;
				CLANG_WARN_EMPTY_BODY = YES;
				CLANG_WARN_ENUM_CONVERSION = YES;
				CLANG_WARN_INFINITE_RECURSION = YES;
				CLANG_WARN_INT_CONVERSION = YES;
				CLANG_WARN_NON_LITERAL_NULL_CONVERSION = YES;
				CLANG_WARN_OBJC_IMPLICIT_RETAIN_SELF = YES;
				CLANG_WARN_OBJC_LITERAL_CONVERSION = YES;
				CLANG_WARN_OBJC_ROOT_CLASS = YES_ERROR;
				CLANG_WARN_QUOTED_INCLUDE_IN_FRAMEWORK_HEADER = YES;
				CLANG_WARN_RANGE_LOOP_ANALYSIS = YES;
				CLANG_WARN_STRICT_PROTOTYPES = YES;
				CLANG_WARN_SUSPICIOUS_MOVE = YES;
				CLANG_WARN_UNGUARDED_AVAILABILITY = YES_AGGRESSIVE;
				CLANG_WARN_UNREACHABLE_CODE = YES;
				CLANG_WARN__DUPLICATE_METHOD_MATCH = YES;
				COPY_PHASE_STRIP = NO;
				DEBUG_INFORMATION_FORMAT = dwarf;
				ENABLE_STRICT_OBJC_MSGSEND = YES;
				ENABLE_TESTABILITY = YES;
				GCC_C_LANGUAGE_STANDARD = gnu11;
				GCC_DYNAMIC_NO_PIC = NO;
				GCC_NO_COMMON_BLOCKS = YES;
				GCC_OPTIMIZATION_LEVEL = 0;
				GCC_PREPROCESSOR_DEFINITIONS = (
					"DEBUG=1",
					"$(inherited)",
				);
				GCC_WARN_64_TO_32_BIT_CONVERSION = YES;
				GCC_WARN_ABOUT_RETURN_TYPE = YES_ERROR;
				GCC_WARN_UNDECLARED_SELECTOR = YES;
				GCC_WARN_UNINITIALIZED_AUTOS = YES_AGGRESSIVE;
				GCC_WARN_UNUSED_FUNCTION = YES;
				GCC_WARN_UNUSED_VARIABLE = YES;
				IPHONEOS_DEPLOYMENT_TARGET = 16.0;
				MTL_ENABLE_DEBUG_INFO = INCLUDE_SOURCE;
				MTL_FAST_MATH = YES;
				ONLY_ACTIVE_ARCH = YES;
				SDKROOT = iphoneos;
				SWIFT_ACTIVE_COMPILATION_CONDITIONS = DEBUG;
				SWIFT_OPTIMIZATION_LEVEL = "-Onone";
			};
			name = Debug;
		};
		DD80D98128D7508F00C5AE79 /* Release */ = {
			isa = XCBuildConfiguration;
			buildSettings = {
				ALWAYS_SEARCH_USER_PATHS = NO;
				CLANG_ANALYZER_NONNULL = YES;
				CLANG_ANALYZER_NUMBER_OBJECT_CONVERSION = YES_AGGRESSIVE;
				CLANG_CXX_LANGUAGE_STANDARD = "gnu++20";
				CLANG_ENABLE_MODULES = YES;
				CLANG_ENABLE_OBJC_ARC = YES;
				CLANG_ENABLE_OBJC_WEAK = YES;
				CLANG_WARN_BLOCK_CAPTURE_AUTORELEASING = YES;
				CLANG_WARN_BOOL_CONVERSION = YES;
				CLANG_WARN_COMMA = YES;
				CLANG_WARN_CONSTANT_CONVERSION = YES;
				CLANG_WARN_DEPRECATED_OBJC_IMPLEMENTATIONS = YES;
				CLANG_WARN_DIRECT_OBJC_ISA_USAGE = YES_ERROR;
				CLANG_WARN_DOCUMENTATION_COMMENTS = YES;
				CLANG_WARN_EMPTY_BODY = YES;
				CLANG_WARN_ENUM_CONVERSION = YES;
				CLANG_WARN_INFINITE_RECURSION = YES;
				CLANG_WARN_INT_CONVERSION = YES;
				CLANG_WARN_NON_LITERAL_NULL_CONVERSION = YES;
				CLANG_WARN_OBJC_IMPLICIT_RETAIN_SELF = YES;
				CLANG_WARN_OBJC_LITERAL_CONVERSION = YES;
				CLANG_WARN_OBJC_ROOT_CLASS = YES_ERROR;
				CLANG_WARN_QUOTED_INCLUDE_IN_FRAMEWORK_HEADER = YES;
				CLANG_WARN_RANGE_LOOP_ANALYSIS = YES;
				CLANG_WARN_STRICT_PROTOTYPES = YES;
				CLANG_WARN_SUSPICIOUS_MOVE = YES;
				CLANG_WARN_UNGUARDED_AVAILABILITY = YES_AGGRESSIVE;
				CLANG_WARN_UNREACHABLE_CODE = YES;
				CLANG_WARN__DUPLICATE_METHOD_MATCH = YES;
				COPY_PHASE_STRIP = NO;
				DEBUG_INFORMATION_FORMAT = "dwarf-with-dsym";
				ENABLE_NS_ASSERTIONS = NO;
				ENABLE_STRICT_OBJC_MSGSEND = YES;
				GCC_C_LANGUAGE_STANDARD = gnu11;
				GCC_NO_COMMON_BLOCKS = YES;
				GCC_WARN_64_TO_32_BIT_CONVERSION = YES;
				GCC_WARN_ABOUT_RETURN_TYPE = YES_ERROR;
				GCC_WARN_UNDECLARED_SELECTOR = YES;
				GCC_WARN_UNINITIALIZED_AUTOS = YES_AGGRESSIVE;
				GCC_WARN_UNUSED_FUNCTION = YES;
				GCC_WARN_UNUSED_VARIABLE = YES;
				IPHONEOS_DEPLOYMENT_TARGET = 16.0;
				MTL_ENABLE_DEBUG_INFO = NO;
				MTL_FAST_MATH = YES;
				SDKROOT = iphoneos;
				SWIFT_COMPILATION_MODE = wholemodule;
				SWIFT_OPTIMIZATION_LEVEL = "-O";
				VALIDATE_PRODUCT = YES;
			};
			name = Release;
		};
		DD80D98328D7508F00C5AE79 /* Debug */ = {
			isa = XCBuildConfiguration;
			buildSettings = {
				ASSETCATALOG_COMPILER_APPICON_NAME = AppIcon;
				ASSETCATALOG_COMPILER_GLOBAL_ACCENT_COLOR_NAME = AccentColor;
				CODE_SIGN_STYLE = Automatic;
				CURRENT_PROJECT_VERSION = 1;
				DEVELOPMENT_ASSET_PATHS = "\"Weather/Preview Content\"";
				DEVELOPMENT_TEAM = 93Q524JYZD;
				ENABLE_PREVIEWS = YES;
				GENERATE_INFOPLIST_FILE = YES;
				INFOPLIST_KEY_UIApplicationSceneManifest_Generation = YES;
				INFOPLIST_KEY_UIApplicationSupportsIndirectInputEvents = YES;
				INFOPLIST_KEY_UILaunchScreen_Generation = YES;
				INFOPLIST_KEY_UISupportedInterfaceOrientations_iPad = "UIInterfaceOrientationPortrait UIInterfaceOrientationPortraitUpsideDown UIInterfaceOrientationLandscapeLeft UIInterfaceOrientationLandscapeRight";
				INFOPLIST_KEY_UISupportedInterfaceOrientations_iPhone = "UIInterfaceOrientationPortrait UIInterfaceOrientationLandscapeLeft UIInterfaceOrientationLandscapeRight";
				LD_RUNPATH_SEARCH_PATHS = (
					"$(inherited)",
					"@executable_path/Frameworks",
				);
				MARKETING_VERSION = 1.0;
				PRODUCT_BUNDLE_IDENTIFIER = nervuse.Weather;
				PRODUCT_NAME = "$(TARGET_NAME)";
				SWIFT_EMIT_LOC_STRINGS = YES;
				SWIFT_VERSION = 5.0;
				TARGETED_DEVICE_FAMILY = "1,2";
			};
			name = Debug;
		};
		DD80D98428D7508F00C5AE79 /* Release */ = {
			isa = XCBuildConfiguration;
			buildSettings = {
				ASSETCATALOG_COMPILER_APPICON_NAME = AppIcon;
				ASSETCATALOG_COMPILER_GLOBAL_ACCENT_COLOR_NAME = AccentColor;
				CODE_SIGN_STYLE = Automatic;
				CURRENT_PROJECT_VERSION = 1;
				DEVELOPMENT_ASSET_PATHS = "\"Weather/Preview Content\"";
				DEVELOPMENT_TEAM = 93Q524JYZD;
				ENABLE_PREVIEWS = YES;
				GENERATE_INFOPLIST_FILE = YES;
				INFOPLIST_KEY_UIApplicationSceneManifest_Generation = YES;
				INFOPLIST_KEY_UIApplicationSupportsIndirectInputEvents = YES;
				INFOPLIST_KEY_UILaunchScreen_Generation = YES;
				INFOPLIST_KEY_UISupportedInterfaceOrientations_iPad = "UIInterfaceOrientationPortrait UIInterfaceOrientationPortraitUpsideDown UIInterfaceOrientationLandscapeLeft UIInterfaceOrientationLandscapeRight";
				INFOPLIST_KEY_UISupportedInterfaceOrientations_iPhone = "UIInterfaceOrientationPortrait UIInterfaceOrientationLandscapeLeft UIInterfaceOrientationLandscapeRight";
				LD_RUNPATH_SEARCH_PATHS = (
					"$(inherited)",
					"@executable_path/Frameworks",
				);
				MARKETING_VERSION = 1.0;
				PRODUCT_BUNDLE_IDENTIFIER = nervuse.Weather;
				PRODUCT_NAME = "$(TARGET_NAME)";
				SWIFT_EMIT_LOC_STRINGS = YES;
				SWIFT_VERSION = 5.0;
				TARGETED_DEVICE_FAMILY = "1,2";
			};
			name = Release;
		};
/* End XCBuildConfiguration section */

/* Begin XCConfigurationList section */
		DD80D96F28D7508A00C5AE79 /* Build configuration list for PBXProject "Weather" */ = {
			isa = XCConfigurationList;
			buildConfigurations = (
				DD80D98028D7508F00C5AE79 /* Debug */,
				DD80D98128D7508F00C5AE79 /* Release */,
			);
			defaultConfigurationIsVisible = 0;
			defaultConfigurationName = Release;
		};
		DD80D98228D7508F00C5AE79 /* Build configuration list for PBXNativeTarget "Weather" */ = {
			isa = XCConfigurationList;
			buildConfigurations = (
				DD80D98328D7508F00C5AE79 /* Debug */,
				DD80D98428D7508F00C5AE79 /* Release */,
			);
			defaultConfigurationIsVisible = 0;
			defaultConfigurationName = Release;
		};
/* End XCConfigurationList section */

/* Begin XCRemoteSwiftPackageReference section */
		DD7BC1AB28ED78D50034B6E3 /* XCRemoteSwiftPackageReference "BottomSheet" */ = {
			isa = XCRemoteSwiftPackageReference;
			repositoryURL = "https://github.com/Wouter125/BottomSheet";
			requirement = {
				branch = main;
				kind = branch;
			};
		};
/* End XCRemoteSwiftPackageReference section */

/* Begin XCSwiftPackageProductDependency section */
		DD7BC1AC28ED78D50034B6E3 /* BottomSheet */ = {
			isa = XCSwiftPackageProductDependency;
			package = DD7BC1AB28ED78D50034B6E3 /* XCRemoteSwiftPackageReference "BottomSheet" */;
			productName = BottomSheet;
		};
/* End XCSwiftPackageProductDependency section */
	};
	rootObject = DD80D96C28D7508A00C5AE79 /* Project object */;
}
